
Microsoft Visual Studio Solution File, Format Version 12.00
# Visual Studio Version 17
VisualStudioVersion = 17.8.34330.188
MinimumVisualStudioVersion = 10.0.40219.1
Project("{9A19103F-16F7-4668-BE54-9A1E7A4F7556}") = "App.Server", "App\App.Server\App.Server.csproj", "{0F3B4BB9-56CB-420A-8107-F1FA10BB6908}"
EndProject
Project("{54A90642-561A-4BB1-A94E-469ADEE60C69}") = "app.client", "App\app.client\app.client.esproj", "{15CBC5AA-2C62-4382-8FB3-D572532DA445}"
EndProject
Project("{2150E333-8FDC-42A3-9474-1A3956D46DE8}") = "app", "app", "{497F8579-511C-4E5D-83EB-414CB760C5F6}"
EndProject
Project("{9A19103F-16F7-4668-BE54-9A1E7A4F7556}") = "ConsoleJobScheduler.Messaging", "ConsoleJobScheduler.Messaging\ConsoleJobScheduler.Messaging.csproj", "{47C6714B-0663-4388-9448-3A8A0A5C5E48}"
EndProject
Project("{9A19103F-16F7-4668-BE54-9A1E7A4F7556}") = "ConsoleJobScheduler.Core", "ConsoleJobScheduler.Core\ConsoleJobScheduler.Core.csproj", "{5B7A7D64-0B28-4D07-A04C-C170E9270312}"
EndProject
Global
	GlobalSection(SolutionConfigurationPlatforms) = preSolution
		Debug|Any CPU = Debug|Any CPU
		Release|Any CPU = Release|Any CPU
	EndGlobalSection
	GlobalSection(ProjectConfigurationPlatforms) = postSolution
		{0F3B4BB9-56CB-420A-8107-F1FA10BB6908}.Debug|Any CPU.ActiveCfg = Debug|Any CPU
		{0F3B4BB9-56CB-420A-8107-F1FA10BB6908}.Debug|Any CPU.Build.0 = Debug|Any CPU
		{0F3B4BB9-56CB-420A-8107-F1FA10BB6908}.Release|Any CPU.ActiveCfg = Release|Any CPU
		{0F3B4BB9-56CB-420A-8107-F1FA10BB6908}.Release|Any CPU.Build.0 = Release|Any CPU
		{15CBC5AA-2C62-4382-8FB3-D572532DA445}.Debug|Any CPU.ActiveCfg = Debug|Any CPU
		{15CBC5AA-2C62-4382-8FB3-D572532DA445}.Debug|Any CPU.Build.0 = Debug|Any CPU
		{15CBC5AA-2C62-4382-8FB3-D572532DA445}.Debug|Any CPU.Deploy.0 = Debug|Any CPU
		{15CBC5AA-2C62-4382-8FB3-D572532DA445}.Release|Any CPU.ActiveCfg = Release|Any CPU
		{15CBC5AA-2C62-4382-8FB3-D572532DA445}.Release|Any CPU.Build.0 = Release|Any CPU
		{15CBC5AA-2C62-4382-8FB3-D572532DA445}.Release|Any CPU.Deploy.0 = Release|Any CPU
		{47C6714B-0663-4388-9448-3A8A0A5C5E48}.Debug|Any CPU.ActiveCfg = Debug|Any CPU
		{47C6714B-0663-4388-9448-3A8A0A5C5E48}.Debug|Any CPU.Build.0 = Debug|Any CPU
		{47C6714B-0663-4388-9448-3A8A0A5C5E48}.Release|Any CPU.ActiveCfg = Release|Any CPU
		{47C6714B-0663-4388-9448-3A8A0A5C5E48}.Release|Any CPU.Build.0 = Release|Any CPU
		{5B7A7D64-0B28-4D07-A04C-C170E9270312}.Debug|Any CPU.ActiveCfg = Debug|Any CPU
		{5B7A7D64-0B28-4D07-A04C-C170E9270312}.Debug|Any CPU.Build.0 = Debug|Any CPU
		{5B7A7D64-0B28-4D07-A04C-C170E9270312}.Release|Any CPU.ActiveCfg = Release|Any CPU
		{5B7A7D64-0B28-4D07-A04C-C170E9270312}.Release|Any CPU.Build.0 = Release|Any CPU
	EndGlobalSection
	GlobalSection(SolutionProperties) = preSolution
		HideSolutionNode = FALSE
	EndGlobalSection
	GlobalSection(NestedProjects) = preSolution
		{0F3B4BB9-56CB-420A-8107-F1FA10BB6908} = {497F8579-511C-4E5D-83EB-414CB760C5F6}
		{15CBC5AA-2C62-4382-8FB3-D572532DA445} = {497F8579-511C-4E5D-83EB-414CB760C5F6}
	EndGlobalSection
	GlobalSection(ExtensibilityGlobals) = postSolution
		SolutionGuid = {17049AC0-2FC9-4B11-93DB-FC716336021A}
	EndGlobalSection
EndGlobal
